// !$*UTF8*$!
{
	archiveVersion = 1;
	classes = {
	};
	objectVersion = 56;
	objects = {

/* Begin PBXBuildFile section */
		E200E13F2CCCA261002AEEA0 /* Data.swift in Sources */ = {isa = PBXBuildFile; fileRef = E200E13E2CCCA261002AEEA0 /* Data.swift */; };
		E200E1412CCCA268002AEEA0 /* DataView.swift in Sources */ = {isa = PBXBuildFile; fileRef = E200E1402CCCA268002AEEA0 /* DataView.swift */; };
		E2036E3A2CD39CD000FB634E /* anotherTest.swift in Sources */ = {isa = PBXBuildFile; fileRef = E2036E392CD39CD000FB634E /* anotherTest.swift */; };
		E2527DCD2CC6EC23005D3E63 /* Lessons.swift in Sources */ = {isa = PBXBuildFile; fileRef = E2527DCC2CC6EC22005D3E63 /* Lessons.swift */; };
		E2527DCF2CC72CCA005D3E63 /* Mystic.swift in Sources */ = {isa = PBXBuildFile; fileRef = E2527DCE2CC72CCA005D3E63 /* Mystic.swift */; };
		E2527DD12CC73733005D3E63 /* SideMenu.swift in Sources */ = {isa = PBXBuildFile; fileRef = E2527DD02CC73733005D3E63 /* SideMenu.swift */; };
		E29780B22CD164E5002BBA83 /* ViewTest.swift in Sources */ = {isa = PBXBuildFile; fileRef = E29780B12CD164E5002BBA83 /* ViewTest.swift */; };
		E29780B42CD28073002BBA83 /* viewTest3.swift in Sources */ = {isa = PBXBuildFile; fileRef = E29780B32CD28073002BBA83 /* viewTest3.swift */; };
		E29780B82CD2F3EE002BBA83 /* official.swift in Sources */ = {isa = PBXBuildFile; fileRef = E29780B72CD2F3EE002BBA83 /* official.swift */; };
		E29780BA2CD2FB35002BBA83 /* modalTest.swift in Sources */ = {isa = PBXBuildFile; fileRef = E29780B92CD2FB35002BBA83 /* modalTest.swift */; };
		E29793FB2CC423CB00E63F8F /* MyTennisAppApp.swift in Sources */ = {isa = PBXBuildFile; fileRef = E29793FA2CC423CB00E63F8F /* MyTennisAppApp.swift */; };
		E29793FD2CC423CB00E63F8F /* ContentView.swift in Sources */ = {isa = PBXBuildFile; fileRef = E29793FC2CC423CB00E63F8F /* ContentView.swift */; };
		E29793FF2CC423CC00E63F8F /* Assets.xcassets in Resources */ = {isa = PBXBuildFile; fileRef = E29793FE2CC423CC00E63F8F /* Assets.xcassets */; };
		E29794022CC423CC00E63F8F /* Preview Assets.xcassets in Resources */ = {isa = PBXBuildFile; fileRef = E29794012CC423CC00E63F8F /* Preview Assets.xcassets */; };
		E297940C2CC423CC00E63F8F /* MyTennisAppTests.swift in Sources */ = {isa = PBXBuildFile; fileRef = E297940B2CC423CC00E63F8F /* MyTennisAppTests.swift */; };
		E29794162CC423CC00E63F8F /* MyTennisAppUITests.swift in Sources */ = {isa = PBXBuildFile; fileRef = E29794152CC423CC00E63F8F /* MyTennisAppUITests.swift */; };
		E29794182CC423CC00E63F8F /* MyTennisAppUITestsLaunchTests.swift in Sources */ = {isa = PBXBuildFile; fileRef = E29794172CC423CC00E63F8F /* MyTennisAppUITestsLaunchTests.swift */; };
		E2AE03412CC75803004E96E1 /* Performance.swift in Sources */ = {isa = PBXBuildFile; fileRef = E2AE03402CC75803004E96E1 /* Performance.swift */; };
		E2AE03432CC75835004E96E1 /* Dashboard.swift in Sources */ = {isa = PBXBuildFile; fileRef = E2AE03422CC75835004E96E1 /* Dashboard.swift */; };
		E2AE03452CC75853004E96E1 /* Profile.swift in Sources */ = {isa = PBXBuildFile; fileRef = E2AE03442CC75853004E96E1 /* Profile.swift */; };
/* End PBXBuildFile section */

/* Begin PBXContainerItemProxy section */
		E29794082CC423CC00E63F8F /* PBXContainerItemProxy */ = {
			isa = PBXContainerItemProxy;
			containerPortal = E29793EF2CC423CB00E63F8F /* Project object */;
			proxyType = 1;
			remoteGlobalIDString = E29793F62CC423CB00E63F8F;
			remoteInfo = MyTennisApp;
		};
		E29794122CC423CC00E63F8F /* PBXContainerItemProxy */ = {
			isa = PBXContainerItemProxy;
			containerPortal = E29793EF2CC423CB00E63F8F /* Project object */;
			proxyType = 1;
			remoteGlobalIDString = E29793F62CC423CB00E63F8F;
			remoteInfo = MyTennisApp;
		};
/* End PBXContainerItemProxy section */

/* Begin PBXFileReference section */
		E200E13E2CCCA261002AEEA0 /* Data.swift */ = {isa = PBXFileReference; lastKnownFileType = sourcecode.swift; path = Data.swift; sourceTree = "<group>"; };
		E200E1402CCCA268002AEEA0 /* DataView.swift */ = {isa = PBXFileReference; lastKnownFileType = sourcecode.swift; path = DataView.swift; sourceTree = "<group>"; };
		E2036E392CD39CD000FB634E /* anotherTest.swift */ = {isa = PBXFileReference; lastKnownFileType = sourcecode.swift; path = anotherTest.swift; sourceTree = "<group>"; };
		E2527DCC2CC6EC22005D3E63 /* Lessons.swift */ = {isa = PBXFileReference; lastKnownFileType = sourcecode.swift; path = Lessons.swift; sourceTree = "<group>"; };
		E2527DCE2CC72CCA005D3E63 /* Mystic.swift */ = {isa = PBXFileReference; lastKnownFileType = sourcecode.swift; path = Mystic.swift; sourceTree = "<group>"; };
		E2527DD02CC73733005D3E63 /* SideMenu.swift */ = {isa = PBXFileReference; lastKnownFileType = sourcecode.swift; path = SideMenu.swift; sourceTree = "<group>"; };
		E29780B12CD164E5002BBA83 /* ViewTest.swift */ = {isa = PBXFileReference; lastKnownFileType = sourcecode.swift; path = ViewTest.swift; sourceTree = "<group>"; };
		E29780B32CD28073002BBA83 /* viewTest3.swift */ = {isa = PBXFileReference; lastKnownFileType = sourcecode.swift; path = viewTest3.swift; sourceTree = "<group>"; };
		E29780B72CD2F3EE002BBA83 /* official.swift */ = {isa = PBXFileReference; lastKnownFileType = sourcecode.swift; path = official.swift; sourceTree = "<group>"; };
		E29780B92CD2FB35002BBA83 /* modalTest.swift */ = {isa = PBXFileReference; lastKnownFileType = sourcecode.swift; path = modalTest.swift; sourceTree = "<group>"; };
		E29793F72CC423CB00E63F8F /* MyTennisApp.app */ = {isa = PBXFileReference; explicitFileType = wrapper.application; includeInIndex = 0; path = MyTennisApp.app; sourceTree = BUILT_PRODUCTS_DIR; };
		E29793FA2CC423CB00E63F8F /* MyTennisAppApp.swift */ = {isa = PBXFileReference; lastKnownFileType = sourcecode.swift; path = MyTennisAppApp.swift; sourceTree = "<group>"; };
		E29793FC2CC423CB00E63F8F /* ContentView.swift */ = {isa = PBXFileReference; lastKnownFileType = sourcecode.swift; path = ContentView.swift; sourceTree = "<group>"; };
		E29793FE2CC423CC00E63F8F /* Assets.xcassets */ = {isa = PBXFileReference; lastKnownFileType = folder.assetcatalog; path = Assets.xcassets; sourceTree = "<group>"; };
		E29794012CC423CC00E63F8F /* Preview Assets.xcassets */ = {isa = PBXFileReference; lastKnownFileType = folder.assetcatalog; path = "Preview Assets.xcassets"; sourceTree = "<group>"; };
		E29794072CC423CC00E63F8F /* MyTennisAppTests.xctest */ = {isa = PBXFileReference; explicitFileType = wrapper.cfbundle; includeInIndex = 0; path = MyTennisAppTests.xctest; sourceTree = BUILT_PRODUCTS_DIR; };
		E297940B2CC423CC00E63F8F /* MyTennisAppTests.swift */ = {isa = PBXFileReference; lastKnownFileType = sourcecode.swift; path = MyTennisAppTests.swift; sourceTree = "<group>"; };
		E29794112CC423CC00E63F8F /* MyTennisAppUITests.xctest */ = {isa = PBXFileReference; explicitFileType = wrapper.cfbundle; includeInIndex = 0; path = MyTennisAppUITests.xctest; sourceTree = BUILT_PRODUCTS_DIR; };
		E29794152CC423CC00E63F8F /* MyTennisAppUITests.swift */ = {isa = PBXFileReference; lastKnownFileType = sourcecode.swift; path = MyTennisAppUITests.swift; sourceTree = "<group>"; };
		E29794172CC423CC00E63F8F /* MyTennisAppUITestsLaunchTests.swift */ = {isa = PBXFileReference; lastKnownFileType = sourcecode.swift; path = MyTennisAppUITestsLaunchTests.swift; sourceTree = "<group>"; };
		E2AE03402CC75803004E96E1 /* Performance.swift */ = {isa = PBXFileReference; lastKnownFileType = sourcecode.swift; path = Performance.swift; sourceTree = "<group>"; };
		E2AE03422CC75835004E96E1 /* Dashboard.swift */ = {isa = PBXFileReference; lastKnownFileType = sourcecode.swift; path = Dashboard.swift; sourceTree = "<group>"; };
		E2AE03442CC75853004E96E1 /* Profile.swift */ = {isa = PBXFileReference; lastKnownFileType = sourcecode.swift; path = Profile.swift; sourceTree = "<group>"; };
/* End PBXFileReference section */

/* Begin PBXFrameworksBuildPhase section */
		E29793F42CC423CB00E63F8F /* Frameworks */ = {
			isa = PBXFrameworksBuildPhase;
			buildActionMask = 2147483647;
			files = (
			);
			runOnlyForDeploymentPostprocessing = 0;
		};
		E29794042CC423CC00E63F8F /* Frameworks */ = {
			isa = PBXFrameworksBuildPhase;
			buildActionMask = 2147483647;
			files = (
			);
			runOnlyForDeploymentPostprocessing = 0;
		};
		E297940E2CC423CC00E63F8F /* Frameworks */ = {
			isa = PBXFrameworksBuildPhase;
			buildActionMask = 2147483647;
			files = (
			);
			runOnlyForDeploymentPostprocessing = 0;
		};
/* End PBXFrameworksBuildPhase section */

/* Begin PBXGroup section */
		E200E13D2CCCA24C002AEEA0 /* SwiftData */ = {
			isa = PBXGroup;
			children = (
				E200E13E2CCCA261002AEEA0 /* Data.swift */,
				E200E1402CCCA268002AEEA0 /* DataView.swift */,
				E29780B12CD164E5002BBA83 /* ViewTest.swift */,
				E29780B32CD28073002BBA83 /* viewTest3.swift */,
				E29780B72CD2F3EE002BBA83 /* official.swift */,
				E29780B92CD2FB35002BBA83 /* modalTest.swift */,
				E2036E392CD39CD000FB634E /* anotherTest.swift */,
			);
			path = SwiftData;
			sourceTree = "<group>";
		};
		E2527DC32CC5F345005D3E63 /* Components */ = {
			isa = PBXGroup;
			children = (
				E2527DC42CC5F36E005D3E63 /* SideMenu */,
			);
			path = Components;
			sourceTree = "<group>";
		};
		E2527DC42CC5F36E005D3E63 /* SideMenu */ = {
			isa = PBXGroup;
			children = (
				E2527DD02CC73733005D3E63 /* SideMenu.swift */,
			);
			path = SideMenu;
			sourceTree = "<group>";
		};
		E2527DC92CC6EAAA005D3E63 /* Pages */ = {
			isa = PBXGroup;
			children = (
				E2527DCC2CC6EC22005D3E63 /* Lessons.swift */,
				E2527DCE2CC72CCA005D3E63 /* Mystic.swift */,
				E2AE03402CC75803004E96E1 /* Performance.swift */,
				E2AE03422CC75835004E96E1 /* Dashboard.swift */,
				E2AE03442CC75853004E96E1 /* Profile.swift */,
			);
			path = Pages;
			sourceTree = "<group>";
		};
		E29793EE2CC423CB00E63F8F = {
			isa = PBXGroup;
			children = (
				E29793F92CC423CB00E63F8F /* MyTennisApp */,
				E297940A2CC423CC00E63F8F /* MyTennisAppTests */,
				E29794142CC423CC00E63F8F /* MyTennisAppUITests */,
				E29793F82CC423CB00E63F8F /* Products */,
			);
			sourceTree = "<group>";
		};
		E29793F82CC423CB00E63F8F /* Products */ = {
			isa = PBXGroup;
			children = (
				E29793F72CC423CB00E63F8F /* MyTennisApp.app */,
				E29794072CC423CC00E63F8F /* MyTennisAppTests.xctest */,
				E29794112CC423CC00E63F8F /* MyTennisAppUITests.xctest */,
			);
			name = Products;
			sourceTree = "<group>";
		};
		E29793F92CC423CB00E63F8F /* MyTennisApp */ = {
			isa = PBXGroup;
			children = (
				E200E13D2CCCA24C002AEEA0 /* SwiftData */,
				E2527DC92CC6EAAA005D3E63 /* Pages */,
				E2527DC32CC5F345005D3E63 /* Components */,
				E29793FA2CC423CB00E63F8F /* MyTennisAppApp.swift */,
				E29793FC2CC423CB00E63F8F /* ContentView.swift */,
				E29793FE2CC423CC00E63F8F /* Assets.xcassets */,
				E29794002CC423CC00E63F8F /* Preview Content */,
			);
			path = MyTennisApp;
			sourceTree = "<group>";
		};
		E29794002CC423CC00E63F8F /* Preview Content */ = {
			isa = PBXGroup;
			children = (
				E29794012CC423CC00E63F8F /* Preview Assets.xcassets */,
			);
			path = "Preview Content";
			sourceTree = "<group>";
		};
		E297940A2CC423CC00E63F8F /* MyTennisAppTests */ = {
			isa = PBXGroup;
			children = (
				E297940B2CC423CC00E63F8F /* MyTennisAppTests.swift */,
			);
			path = MyTennisAppTests;
			sourceTree = "<group>";
		};
		E29794142CC423CC00E63F8F /* MyTennisAppUITests */ = {
			isa = PBXGroup;
			children = (
				E29794152CC423CC00E63F8F /* MyTennisAppUITests.swift */,
				E29794172CC423CC00E63F8F /* MyTennisAppUITestsLaunchTests.swift */,
			);
			path = MyTennisAppUITests;
			sourceTree = "<group>";
		};
/* End PBXGroup section */

/* Begin PBXNativeTarget section */
		E29793F62CC423CB00E63F8F /* MyTennisApp */ = {
			isa = PBXNativeTarget;
			buildConfigurationList = E297941B2CC423CC00E63F8F /* Build configuration list for PBXNativeTarget "MyTennisApp" */;
			buildPhases = (
				E29793F32CC423CB00E63F8F /* Sources */,
				E29793F42CC423CB00E63F8F /* Frameworks */,
				E29793F52CC423CB00E63F8F /* Resources */,
			);
			buildRules = (
			);
			dependencies = (
			);
			name = MyTennisApp;
			productName = MyTennisApp;
			productReference = E29793F72CC423CB00E63F8F /* MyTennisApp.app */;
			productType = "com.apple.product-type.application";
		};
		E29794062CC423CC00E63F8F /* MyTennisAppTests */ = {
			isa = PBXNativeTarget;
			buildConfigurationList = E297941E2CC423CC00E63F8F /* Build configuration list for PBXNativeTarget "MyTennisAppTests" */;
			buildPhases = (
				E29794032CC423CC00E63F8F /* Sources */,
				E29794042CC423CC00E63F8F /* Frameworks */,
				E29794052CC423CC00E63F8F /* Resources */,
			);
			buildRules = (
			);
			dependencies = (
				E29794092CC423CC00E63F8F /* PBXTargetDependency */,
			);
			name = MyTennisAppTests;
			productName = MyTennisAppTests;
			productReference = E29794072CC423CC00E63F8F /* MyTennisAppTests.xctest */;
			productType = "com.apple.product-type.bundle.unit-test";
		};
		E29794102CC423CC00E63F8F /* MyTennisAppUITests */ = {
			isa = PBXNativeTarget;
			buildConfigurationList = E29794212CC423CC00E63F8F /* Build configuration list for PBXNativeTarget "MyTennisAppUITests" */;
			buildPhases = (
				E297940D2CC423CC00E63F8F /* Sources */,
				E297940E2CC423CC00E63F8F /* Frameworks */,
				E297940F2CC423CC00E63F8F /* Resources */,
			);
			buildRules = (
			);
			dependencies = (
				E29794132CC423CC00E63F8F /* PBXTargetDependency */,
			);
			name = MyTennisAppUITests;
			productName = MyTennisAppUITests;
			productReference = E29794112CC423CC00E63F8F /* MyTennisAppUITests.xctest */;
			productType = "com.apple.product-type.bundle.ui-testing";
		};
/* End PBXNativeTarget section */

/* Begin PBXProject section */
		E29793EF2CC423CB00E63F8F /* Project object */ = {
			isa = PBXProject;
			attributes = {
				BuildIndependentTargetsInParallel = 1;
				LastSwiftUpdateCheck = 1540;
				LastUpgradeCheck = 1540;
				TargetAttributes = {
					E29793F62CC423CB00E63F8F = {
						CreatedOnToolsVersion = 15.4;
					};
					E29794062CC423CC00E63F8F = {
						CreatedOnToolsVersion = 15.4;
						TestTargetID = E29793F62CC423CB00E63F8F;
					};
					E29794102CC423CC00E63F8F = {
						CreatedOnToolsVersion = 15.4;
						TestTargetID = E29793F62CC423CB00E63F8F;
					};
				};
			};
			buildConfigurationList = E29793F22CC423CB00E63F8F /* Build configuration list for PBXProject "MyTennisApp" */;
			compatibilityVersion = "Xcode 14.0";
			developmentRegion = en;
			hasScannedForEncodings = 0;
			knownRegions = (
				en,
				Base,
			);
			mainGroup = E29793EE2CC423CB00E63F8F;
			productRefGroup = E29793F82CC423CB00E63F8F /* Products */;
			projectDirPath = "";
			projectRoot = "";
			targets = (
				E29793F62CC423CB00E63F8F /* MyTennisApp */,
				E29794062CC423CC00E63F8F /* MyTennisAppTests */,
				E29794102CC423CC00E63F8F /* MyTennisAppUITests */,
			);
		};
/* End PBXProject section */

/* Begin PBXResourcesBuildPhase section */
		E29793F52CC423CB00E63F8F /* Resources */ = {
			isa = PBXResourcesBuildPhase;
			buildActionMask = 2147483647;
			files = (
				E29794022CC423CC00E63F8F /* Preview Assets.xcassets in Resources */,
				E29793FF2CC423CC00E63F8F /* Assets.xcassets in Resources */,
			);
			runOnlyForDeploymentPostprocessing = 0;
		};
		E29794052CC423CC00E63F8F /* Resources */ = {
			isa = PBXResourcesBuildPhase;
			buildActionMask = 2147483647;
			files = (
			);
			runOnlyForDeploymentPostprocessing = 0;
		};
		E297940F2CC423CC00E63F8F /* Resources */ = {
			isa = PBXResourcesBuildPhase;
			buildActionMask = 2147483647;
			files = (
			);
			runOnlyForDeploymentPostprocessing = 0;
		};
/* End PBXResourcesBuildPhase section */

/* Begin PBXSourcesBuildPhase section */
		E29793F32CC423CB00E63F8F /* Sources */ = {
			isa = PBXSourcesBuildPhase;
			buildActionMask = 2147483647;
			files = (
				E2527DCF2CC72CCA005D3E63 /* Mystic.swift in Sources */,
				E200E13F2CCCA261002AEEA0 /* Data.swift in Sources */,
				E2527DCD2CC6EC23005D3E63 /* Lessons.swift in Sources */,
				E29780B42CD28073002BBA83 /* viewTest3.swift in Sources */,
				E2036E3A2CD39CD000FB634E /* anotherTest.swift in Sources */,
				E2AE03432CC75835004E96E1 /* Dashboard.swift in Sources */,
				E2AE03412CC75803004E96E1 /* Performance.swift in Sources */,
				E2527DD12CC73733005D3E63 /* SideMenu.swift in Sources */,
				E29793FD2CC423CB00E63F8F /* ContentView.swift in Sources */,
				E29780B22CD164E5002BBA83 /* ViewTest.swift in Sources */,
				E29780BA2CD2FB35002BBA83 /* modalTest.swift in Sources */,
				E2AE03452CC75853004E96E1 /* Profile.swift in Sources */,
				E29780B82CD2F3EE002BBA83 /* official.swift in Sources */,
				E200E1412CCCA268002AEEA0 /* DataView.swift in Sources */,
				E29793FB2CC423CB00E63F8F /* MyTennisAppApp.swift in Sources */,
			);
			runOnlyForDeploymentPostprocessing = 0;
		};
		E29794032CC423CC00E63F8F /* Sources */ = {
			isa = PBXSourcesBuildPhase;
			buildActionMask = 2147483647;
			files = (
				E297940C2CC423CC00E63F8F /* MyTennisAppTests.swift in Sources */,
			);
			runOnlyForDeploymentPostprocessing = 0;
		};
		E297940D2CC423CC00E63F8F /* Sources */ = {
			isa = PBXSourcesBuildPhase;
			buildActionMask = 2147483647;
			files = (
				E29794162CC423CC00E63F8F /* MyTennisAppUITests.swift in Sources */,
				E29794182CC423CC00E63F8F /* MyTennisAppUITestsLaunchTests.swift in Sources */,
			);
			runOnlyForDeploymentPostprocessing = 0;
		};
/* End PBXSourcesBuildPhase section */

/* Begin PBXTargetDependency section */
		E29794092CC423CC00E63F8F /* PBXTargetDependency */ = {
			isa = PBXTargetDependency;
			target = E29793F62CC423CB00E63F8F /* MyTennisApp */;
			targetProxy = E29794082CC423CC00E63F8F /* PBXContainerItemProxy */;
		};
		E29794132CC423CC00E63F8F /* PBXTargetDependency */ = {
			isa = PBXTargetDependency;
			target = E29793F62CC423CB00E63F8F /* MyTennisApp */;
			targetProxy = E29794122CC423CC00E63F8F /* PBXContainerItemProxy */;
		};
/* End PBXTargetDependency section */

/* Begin XCBuildConfiguration section */
		E29794192CC423CC00E63F8F /* Debug */ = {
			isa = XCBuildConfiguration;
			buildSettings = {
				ALWAYS_SEARCH_USER_PATHS = NO;
				ASSETCATALOG_COMPILER_GENERATE_SWIFT_ASSET_SYMBOL_EXTENSIONS = YES;
				CLANG_ANALYZER_NONNULL = YES;
				CLANG_ANALYZER_NUMBER_OBJECT_CONVERSION = YES_AGGRESSIVE;
				CLANG_CXX_LANGUAGE_STANDARD = "gnu++20";
				CLANG_ENABLE_MODULES = YES;
				CLANG_ENABLE_OBJC_ARC = YES;
				CLANG_ENABLE_OBJC_WEAK = YES;
				CLANG_WARN_BLOCK_CAPTURE_AUTORELEASING = YES;
				CLANG_WARN_BOOL_CONVERSION = YES;
				CLANG_WARN_COMMA = YES;
				CLANG_WARN_CONSTANT_CONVERSION = YES;
				CLANG_WARN_DEPRECATED_OBJC_IMPLEMENTATIONS = YES;
				CLANG_WARN_DIRECT_OBJC_ISA_USAGE = YES_ERROR;
				CLANG_WARN_DOCUMENTATION_COMMENTS = YES;
				CLANG_WARN_EMPTY_BODY = YES;
				CLANG_WARN_ENUM_CONVERSION = YES;
				CLANG_WARN_INFINITE_RECURSION = YES;
				CLANG_WARN_INT_CONVERSION = YES;
				CLANG_WARN_NON_LITERAL_NULL_CONVERSION = YES;
				CLANG_WARN_OBJC_IMPLICIT_RETAIN_SELF = YES;
				CLANG_WARN_OBJC_LITERAL_CONVERSION = YES;
				CLANG_WARN_OBJC_ROOT_CLASS = YES_ERROR;
				CLANG_WARN_QUOTED_INCLUDE_IN_FRAMEWORK_HEADER = YES;
				CLANG_WARN_RANGE_LOOP_ANALYSIS = YES;
				CLANG_WARN_STRICT_PROTOTYPES = YES;
				CLANG_WARN_SUSPICIOUS_MOVE = YES;
				CLANG_WARN_UNGUARDED_AVAILABILITY = YES_AGGRESSIVE;
				CLANG_WARN_UNREACHABLE_CODE = YES;
				CLANG_WARN__DUPLICATE_METHOD_MATCH = YES;
				COPY_PHASE_STRIP = NO;
				DEBUG_INFORMATION_FORMAT = dwarf;
				ENABLE_STRICT_OBJC_MSGSEND = YES;
				ENABLE_TESTABILITY = YES;
				ENABLE_USER_SCRIPT_SANDBOXING = YES;
				GCC_C_LANGUAGE_STANDARD = gnu17;
				GCC_DYNAMIC_NO_PIC = NO;
				GCC_NO_COMMON_BLOCKS = YES;
				GCC_OPTIMIZATION_LEVEL = 0;
				GCC_PREPROCESSOR_DEFINITIONS = (
					"DEBUG=1",
					"$(inherited)",
				);
				GCC_WARN_64_TO_32_BIT_CONVERSION = YES;
				GCC_WARN_ABOUT_RETURN_TYPE = YES_ERROR;
				GCC_WARN_UNDECLARED_SELECTOR = YES;
				GCC_WARN_UNINITIALIZED_AUTOS = YES_AGGRESSIVE;
				GCC_WARN_UNUSED_FUNCTION = YES;
				GCC_WARN_UNUSED_VARIABLE = YES;
				IPHONEOS_DEPLOYMENT_TARGET = 17.5;
				LOCALIZATION_PREFERS_STRING_CATALOGS = YES;
				MTL_ENABLE_DEBUG_INFO = INCLUDE_SOURCE;
				MTL_FAST_MATH = YES;
				ONLY_ACTIVE_ARCH = YES;
				SDKROOT = iphoneos;
				SWIFT_ACTIVE_COMPILATION_CONDITIONS = "DEBUG $(inherited)";
				SWIFT_OPTIMIZATION_LEVEL = "-Onone";
			};
			name = Debug;
		};
		E297941A2CC423CC00E63F8F /* Release */ = {
			isa = XCBuildConfiguration;
			buildSettings = {
				ALWAYS_SEARCH_USER_PATHS = NO;
				ASSETCATALOG_COMPILER_GENERATE_SWIFT_ASSET_SYMBOL_EXTENSIONS = YES;
				CLANG_ANALYZER_NONNULL = YES;
				CLANG_ANALYZER_NUMBER_OBJECT_CONVERSION = YES_AGGRESSIVE;
				CLANG_CXX_LANGUAGE_STANDARD = "gnu++20";
				CLANG_ENABLE_MODULES = YES;
				CLANG_ENABLE_OBJC_ARC = YES;
				CLANG_ENABLE_OBJC_WEAK = YES;
				CLANG_WARN_BLOCK_CAPTURE_AUTORELEASING = YES;
				CLANG_WARN_BOOL_CONVERSION = YES;
				CLANG_WARN_COMMA = YES;
				CLANG_WARN_CONSTANT_CONVERSION = YES;
				CLANG_WARN_DEPRECATED_OBJC_IMPLEMENTATIONS = YES;
				CLANG_WARN_DIRECT_OBJC_ISA_USAGE = YES_ERROR;
				CLANG_WARN_DOCUMENTATION_COMMENTS = YES;
				CLANG_WARN_EMPTY_BODY = YES;
				CLANG_WARN_ENUM_CONVERSION = YES;
				CLANG_WARN_INFINITE_RECURSION = YES;
				CLANG_WARN_INT_CONVERSION = YES;
				CLANG_WARN_NON_LITERAL_NULL_CONVERSION = YES;
				CLANG_WARN_OBJC_IMPLICIT_RETAIN_SELF = YES;
				CLANG_WARN_OBJC_LITERAL_CONVERSION = YES;
				CLANG_WARN_OBJC_ROOT_CLASS = YES_ERROR;
				CLANG_WARN_QUOTED_INCLUDE_IN_FRAMEWORK_HEADER = YES;
				CLANG_WARN_RANGE_LOOP_ANALYSIS = YES;
				CLANG_WARN_STRICT_PROTOTYPES = YES;
				CLANG_WARN_SUSPICIOUS_MOVE = YES;
				CLANG_WARN_UNGUARDED_AVAILABILITY = YES_AGGRESSIVE;
				CLANG_WARN_UNREACHABLE_CODE = YES;
				CLANG_WARN__DUPLICATE_METHOD_MATCH = YES;
				COPY_PHASE_STRIP = NO;
				DEBUG_INFORMATION_FORMAT = "dwarf-with-dsym";
				ENABLE_NS_ASSERTIONS = NO;
				ENABLE_STRICT_OBJC_MSGSEND = YES;
				ENABLE_USER_SCRIPT_SANDBOXING = YES;
				GCC_C_LANGUAGE_STANDARD = gnu17;
				GCC_NO_COMMON_BLOCKS = YES;
				GCC_WARN_64_TO_32_BIT_CONVERSION = YES;
				GCC_WARN_ABOUT_RETURN_TYPE = YES_ERROR;
				GCC_WARN_UNDECLARED_SELECTOR = YES;
				GCC_WARN_UNINITIALIZED_AUTOS = YES_AGGRESSIVE;
				GCC_WARN_UNUSED_FUNCTION = YES;
				GCC_WARN_UNUSED_VARIABLE = YES;
				IPHONEOS_DEPLOYMENT_TARGET = 17.5;
				LOCALIZATION_PREFERS_STRING_CATALOGS = YES;
				MTL_ENABLE_DEBUG_INFO = NO;
				MTL_FAST_MATH = YES;
				SDKROOT = iphoneos;
				SWIFT_COMPILATION_MODE = wholemodule;
				VALIDATE_PRODUCT = YES;
			};
			name = Release;
		};
		E297941C2CC423CC00E63F8F /* Debug */ = {
			isa = XCBuildConfiguration;
			buildSettings = {
				ASSETCATALOG_COMPILER_APPICON_NAME = AppIcon;
				ASSETCATALOG_COMPILER_GLOBAL_ACCENT_COLOR_NAME = AccentColor;
				CODE_SIGN_STYLE = Automatic;
				CURRENT_PROJECT_VERSION = 1;
				DEVELOPMENT_ASSET_PATHS = "\"MyTennisApp/Preview Content\"";
				ENABLE_PREVIEWS = YES;
				GENERATE_INFOPLIST_FILE = YES;
				INFOPLIST_KEY_UIApplicationSceneManifest_Generation = YES;
				INFOPLIST_KEY_UIApplicationSupportsIndirectInputEvents = YES;
				INFOPLIST_KEY_UILaunchScreen_Generation = YES;
				INFOPLIST_KEY_UISupportedInterfaceOrientations_iPad = "UIInterfaceOrientationPortrait UIInterfaceOrientationPortraitUpsideDown UIInterfaceOrientationLandscapeLeft UIInterfaceOrientationLandscapeRight";
				INFOPLIST_KEY_UISupportedInterfaceOrientations_iPhone = "UIInterfaceOrientationPortrait UIInterfaceOrientationLandscapeLeft UIInterfaceOrientationLandscapeRight";
				LD_RUNPATH_SEARCH_PATHS = (
					"$(inherited)",
					"@executable_path/Frameworks",
				);
				MARKETING_VERSION = 1.0;
				PRODUCT_BUNDLE_IDENTIFIER = khanh.MyTennisApp;
				PRODUCT_NAME = "$(TARGET_NAME)";
				SWIFT_EMIT_LOC_STRINGS = YES;
				SWIFT_VERSION = 5.0;
				TARGETED_DEVICE_FAMILY = "1,2";
			};
			name = Debug;
		};
		E297941D2CC423CC00E63F8F /* Release */ = {
			isa = XCBuildConfiguration;
			buildSettings = {
				ASSETCATALOG_COMPILER_APPICON_NAME = AppIcon;
				ASSETCATALOG_COMPILER_GLOBAL_ACCENT_COLOR_NAME = AccentColor;
				CODE_SIGN_STYLE = Automatic;
				CURRENT_PROJECT_VERSION = 1;
				DEVELOPMENT_ASSET_PATHS = "\"MyTennisApp/Preview Content\"";
				ENABLE_PREVIEWS = YES;
				GENERATE_INFOPLIST_FILE = YES;
				INFOPLIST_KEY_UIApplicationSceneManifest_Generation = YES;
				INFOPLIST_KEY_UIApplicationSupportsIndirectInputEvents = YES;
				INFOPLIST_KEY_UILaunchScreen_Generation = YES;
				INFOPLIST_KEY_UISupportedInterfaceOrientations_iPad = "UIInterfaceOrientationPortrait UIInterfaceOrientationPortraitUpsideDown UIInterfaceOrientationLandscapeLeft UIInterfaceOrientationLandscapeRight";
				INFOPLIST_KEY_UISupportedInterfaceOrientations_iPhone = "UIInterfaceOrientationPortrait UIInterfaceOrientationLandscapeLeft UIInterfaceOrientationLandscapeRight";
				LD_RUNPATH_SEARCH_PATHS = (
					"$(inherited)",
					"@executable_path/Frameworks",
				);
				MARKETING_VERSION = 1.0;
				PRODUCT_BUNDLE_IDENTIFIER = khanh.MyTennisApp;
				PRODUCT_NAME = "$(TARGET_NAME)";
				SWIFT_EMIT_LOC_STRINGS = YES;
				SWIFT_VERSION = 5.0;
				TARGETED_DEVICE_FAMILY = "1,2";
			};
			name = Release;
		};
		E297941F2CC423CC00E63F8F /* Debug */ = {
			isa = XCBuildConfiguration;
			buildSettings = {
				ALWAYS_EMBED_SWIFT_STANDARD_LIBRARIES = YES;
				BUNDLE_LOADER = "$(TEST_HOST)";
				CODE_SIGN_STYLE = Automatic;
				CURRENT_PROJECT_VERSION = 1;
				GENERATE_INFOPLIST_FILE = YES;
				IPHONEOS_DEPLOYMENT_TARGET = 17.5;
				MARKETING_VERSION = 1.0;
				PRODUCT_BUNDLE_IDENTIFIER = khanh.MyTennisAppTests;
				PRODUCT_NAME = "$(TARGET_NAME)";
				SWIFT_EMIT_LOC_STRINGS = NO;
				SWIFT_VERSION = 5.0;
				TARGETED_DEVICE_FAMILY = "1,2";
				TEST_HOST = "$(BUILT_PRODUCTS_DIR)/MyTennisApp.app/$(BUNDLE_EXECUTABLE_FOLDER_PATH)/MyTennisApp";
			};
			name = Debug;
		};
		E29794202CC423CC00E63F8F /* Release */ = {
			isa = XCBuildConfiguration;
			buildSettings = {
				ALWAYS_EMBED_SWIFT_STANDARD_LIBRARIES = YES;
				BUNDLE_LOADER = "$(TEST_HOST)";
				CODE_SIGN_STYLE = Automatic;
				CURRENT_PROJECT_VERSION = 1;
				GENERATE_INFOPLIST_FILE = YES;
				IPHONEOS_DEPLOYMENT_TARGET = 17.5;
				MARKETING_VERSION = 1.0;
				PRODUCT_BUNDLE_IDENTIFIER = khanh.MyTennisAppTests;
				PRODUCT_NAME = "$(TARGET_NAME)";
				SWIFT_EMIT_LOC_STRINGS = NO;
				SWIFT_VERSION = 5.0;
				TARGETED_DEVICE_FAMILY = "1,2";
				TEST_HOST = "$(BUILT_PRODUCTS_DIR)/MyTennisApp.app/$(BUNDLE_EXECUTABLE_FOLDER_PATH)/MyTennisApp";
			};
			name = Release;
		};
		E29794222CC423CC00E63F8F /* Debug */ = {
			isa = XCBuildConfiguration;
			buildSettings = {
				ALWAYS_EMBED_SWIFT_STANDARD_LIBRARIES = YES;
				CODE_SIGN_STYLE = Automatic;
				CURRENT_PROJECT_VERSION = 1;
				GENERATE_INFOPLIST_FILE = YES;
				MARKETING_VERSION = 1.0;
				PRODUCT_BUNDLE_IDENTIFIER = khanh.MyTennisAppUITests;
				PRODUCT_NAME = "$(TARGET_NAME)";
				SWIFT_EMIT_LOC_STRINGS = NO;
				SWIFT_VERSION = 5.0;
				TARGETED_DEVICE_FAMILY = "1,2";
				TEST_TARGET_NAME = MyTennisApp;
			};
			name = Debug;
		};
		E29794232CC423CC00E63F8F /* Release */ = {
			isa = XCBuildConfiguration;
			buildSettings = {
				ALWAYS_EMBED_SWIFT_STANDARD_LIBRARIES = YES;
				CODE_SIGN_STYLE = Automatic;
				CURRENT_PROJECT_VERSION = 1;
				GENERATE_INFOPLIST_FILE = YES;
				MARKETING_VERSION = 1.0;
				PRODUCT_BUNDLE_IDENTIFIER = khanh.MyTennisAppUITests;
				PRODUCT_NAME = "$(TARGET_NAME)";
				SWIFT_EMIT_LOC_STRINGS = NO;
				SWIFT_VERSION = 5.0;
				TARGETED_DEVICE_FAMILY = "1,2";
				TEST_TARGET_NAME = MyTennisApp;
			};
			name = Release;
		};
/* End XCBuildConfiguration section */

/* Begin XCConfigurationList section */
		E29793F22CC423CB00E63F8F /* Build configuration list for PBXProject "MyTennisApp" */ = {
			isa = XCConfigurationList;
			buildConfigurations = (
				E29794192CC423CC00E63F8F /* Debug */,
				E297941A2CC423CC00E63F8F /* Release */,
			);
			defaultConfigurationIsVisible = 0;
			defaultConfigurationName = Release;
		};
		E297941B2CC423CC00E63F8F /* Build configuration list for PBXNativeTarget "MyTennisApp" */ = {
			isa = XCConfigurationList;
			buildConfigurations = (
				E297941C2CC423CC00E63F8F /* Debug */,
				E297941D2CC423CC00E63F8F /* Release */,
			);
			defaultConfigurationIsVisible = 0;
			defaultConfigurationName = Release;
		};
		E297941E2CC423CC00E63F8F /* Build configuration list for PBXNativeTarget "MyTennisAppTests" */ = {
			isa = XCConfigurationList;
			buildConfigurations = (
				E297941F2CC423CC00E63F8F /* Debug */,
				E29794202CC423CC00E63F8F /* Release */,
			);
			defaultConfigurationIsVisible = 0;
			defaultConfigurationName = Release;
		};
		E29794212CC423CC00E63F8F /* Build configuration list for PBXNativeTarget "MyTennisAppUITests" */ = {
			isa = XCConfigurationList;
			buildConfigurations = (
				E29794222CC423CC00E63F8F /* Debug */,
				E29794232CC423CC00E63F8F /* Release */,
			);
			defaultConfigurationIsVisible = 0;
			defaultConfigurationName = Release;
		};
/* End XCConfigurationList section */
	};
	rootObject = E29793EF2CC423CB00E63F8F /* Project object */;
}
